PODS:
  - FBAEMKit (13.1.0):
    - FBSDKCoreKit_Basics (= 13.1.0)
  - FBSDKCoreKit (13.1.0):
    - FBAEMKit (= 13.1.0)
    - FBSDKCoreKit_Basics (= 13.1.0)
  - FBSDKCoreKit_Basics (13.1.0)
  - FBSDKShareKit (13.1.0):
    - FBSDKCoreKit (= 13.1.0)
  - Flutter (1.0.0)
  - social_share_plugin (0.4.1):
    - FBSDKCoreKit (~> 13.1.0)
    - FBSDKShareKit (~> 13.1.0)
    - Flutter

DEPENDENCIES:
  - Flutter (from `Flutter`)
  - social_share_plugin (from `.symlinks/plugins/social_share_plugin/ios`)

SPEC REPOS:
  trunk:
    - FBAEMKit
    - FBSDKCoreKit
    - FBSDKCoreKit_Basics
    - FBSDKShareKit

EXTERNAL SOURCES:
  Flutter:
    :path: Flutter
  social_share_plugin:
    :path: ".symlinks/plugins/social_share_plugin/ios"

SPEC CHECKSUMS:
  FBAEMKit: 3be32ffb79fe7c0603fed00d81742b23241e89a5
  FBSDKCoreKit: eff97dea778dbe6cc4498959cffb619c75675102
  FBSDKCoreKit_Basics: c151609a1cf6976a5958febcf0043266a8fd5151
  FBSDKShareKit: ba73d5d51af028bfc9e6fa34be16340fe055e0fa
  Flutter: 50d75fe2f02b26cc09d224853bb45737f8b3214a
  social_share_plugin: d6b5e97ee09fc3f6043718664094f738d6ef241e

PODFILE CHECKSUM: 7368163408c647b7eb699d0d788ba6718e18fb8d

COCOAPODS: 1.11.3
